{
  "version": 4,
  "terraform_version": "1.14.3",
  "serial": 62,
  "lineage": "41258fec-9404-2c76-48a8-304eb0da3c87",
  "outputs": {},
  "resources": [
    {
      "mode": "data",
      "type": "aws_caller_identity",
      "name": "current",
      "provider": "provider[\"registry.terraform.io/hashicorp/aws\"]",
      "instances": [
        {
          "schema_version": 0,
          "attributes": {
            "account_id": "765288911542",
            "arn": "arn:aws:iam::765288911542:user/aws_cdk_josue",
            "id": "765288911542",
            "user_id": "AIDA3ELWGCK3OIONDIJ4T"
          },
          "sensitive_attributes": [],
          "identity_schema_version": 0
        }
      ]
    },
    {
      "mode": "managed",
      "type": "aws_api_gateway_deployment",
      "name": "main",
      "provider": "provider[\"registry.terraform.io/hashicorp/aws\"]",
      "instances": [
        {
          "schema_version": 0,
          "attributes": {
            "canary_settings": [],
            "created_date": "2026-01-03T10:19:42Z",
            "description": "",
            "execution_arn": "arn:aws:execute-api:us-east-1:765288911542:x5pg3orv4e/",
            "id": "cew9zd",
            "invoke_url": "https://x5pg3orv4e.execute-api.us-east-1.amazonaws.com/",
            "rest_api_id": "x5pg3orv4e",
            "stage_description": null,
            "stage_name": null,
            "triggers": {
              "redeployment": "cbbc178d465d16a935ce70b10a4c69121de8d1ee"
            },
            "variables": null
          },
          "sensitive_attributes": [],
          "identity_schema_version": 0,
          "private": "bnVsbA==",
          "dependencies": [
            "aws_api_gateway_integration.add_user_to_group",
            "aws_api_gateway_integration.confirm_user",
            "aws_api_gateway_integration.create_user",
            "aws_api_gateway_integration.get_user",
            "aws_api_gateway_integration.get_user_by_username",
            "aws_api_gateway_integration.login_user",
            "aws_api_gateway_method.add_user_to_group",
            "aws_api_gateway_method.confirm_user",
            "aws_api_gateway_method.create_user",
            "aws_api_gateway_method.get_user",
            "aws_api_gateway_method.get_user_by_username",
            "aws_api_gateway_method.login_user",
            "aws_api_gateway_resource.add_to_group",
            "aws_api_gateway_resource.confirm",
            "aws_api_gateway_resource.login",
            "aws_api_gateway_resource.users",
            "aws_api_gateway_resource.users_me",
            "aws_api_gateway_resource.users_username",
            "aws_api_gateway_rest_api.main",
            "aws_cloudwatch_log_group.add_user_to_group",
            "aws_cloudwatch_log_group.confirm_user",
            "aws_cloudwatch_log_group.create_user",
            "aws_cloudwatch_log_group.get_user",
            "aws_cloudwatch_log_group.get_user_by_username",
            "aws_cloudwatch_log_group.login_user",
            "aws_cognito_user_pool.main",
            "aws_cognito_user_pool_client.main",
            "aws_iam_role.lambda_exec",
            "aws_iam_role_policy_attachment.lambda_basic",
            "aws_lambda_function.add_user_to_group",
            "aws_lambda_function.confirm_user",
            "aws_lambda_function.create_user",
            "aws_lambda_function.get_user",
            "aws_lambda_function.get_user_by_username",
            "aws_lambda_function.login_user"
          ],
          "create_before_destroy": true
        }
      ]
    },
    {
      "mode": "managed",
      "type": "aws_api_gateway_integration",
      "name": "add_user_to_group",
      "provider": "provider[\"registry.terraform.io/hashicorp/aws\"]",
      "instances": [
        {
          "schema_version": 0,
          "attributes": {
            "cache_key_parameters": [],
            "cache_namespace": "5foa9m",
            "connection_id": "",
            "connection_type": "INTERNET",
            "content_handling": "",
            "credentials": "",
            "http_method": "POST",
            "id": "agi-x5pg3orv4e-5foa9m-POST",
            "integration_http_method": "POST",
            "passthrough_behavior": "WHEN_NO_MATCH",
            "request_parameters": {},
            "request_templates": {},
            "resource_id": "5foa9m",
            "rest_api_id": "x5pg3orv4e",
            "timeout_milliseconds": 29000,
            "tls_config": [],
            "type": "AWS_PROXY",
            "uri": "arn:aws:apigateway:us-east-1:lambda:path/2015-03-31/functions/arn:aws:lambda:us-east-1:765288911542:function:photo-app-add-user-to-group/invocations"
          },
          "sensitive_attributes": [],
          "identity_schema_version": 0,
          "private": "bnVsbA==",
          "dependencies": [
            "aws_api_gateway_method.add_user_to_group",
            "aws_api_gateway_resource.add_to_group",
            "aws_api_gateway_resource.users",
            "aws_api_gateway_resource.users_username",
            "aws_api_gateway_rest_api.main",
            "aws_cloudwatch_log_group.add_user_to_group",
            "aws_cognito_user_pool.main",
            "aws_cognito_user_pool_client.main",
            "aws_iam_role.lambda_exec",
            "aws_iam_role_policy_attachment.lambda_basic",
            "aws_lambda_function.add_user_to_group"
          ],
          "create_before_destroy": true
        }
      ]
    },
    {
      "mode": "managed",
      "type": "aws_api_gateway_integration",
      "name": "confirm_user",
      "provider": "provider[\"registry.terraform.io/hashicorp/aws\"]",
      "instances": [
        {
          "schema_version": 0,
          "attributes": {
            "cache_key_parameters": [],
            "cache_namespace": "t31ctm",
            "connection_id": "",
            "connection_type": "INTERNET",
            "content_handling": "",
            "credentials": "",
            "http_method": "POST",
            "id": "agi-x5pg3orv4e-t31ctm-POST",
            "integration_http_method": "POST",
            "passthrough_behavior": "WHEN_NO_MATCH",
            "request_parameters": {},
            "request_templates": {},
            "resource_id": "t31ctm",
            "rest_api_id": "x5pg3orv4e",
            "timeout_milliseconds": 29000,
            "tls_config": [],
            "type": "AWS_PROXY",
            "uri": "arn:aws:apigateway:us-east-1:lambda:path/2015-03-31/functions/arn:aws:lambda:us-east-1:765288911542:function:photo-app-confirm-user/invocations"
          },
          "sensitive_attributes": [],
          "identity_schema_version": 0,
          "private": "bnVsbA==",
          "dependencies": [
            "aws_api_gateway_method.confirm_user",
            "aws_api_gateway_resource.confirm",
            "aws_api_gateway_rest_api.main",
            "aws_cloudwatch_log_group.confirm_user",
            "aws_cognito_user_pool.main",
            "aws_cognito_user_pool_client.main",
            "aws_iam_role.lambda_exec",
            "aws_iam_role_policy_attachment.lambda_basic",
            "aws_lambda_function.confirm_user"
          ],
          "create_before_destroy": true
        }
      ]
    },
    {
      "mode": "managed",
      "type": "aws_api_gateway_integration",
      "name": "create_user",
      "provider": "provider[\"registry.terraform.io/hashicorp/aws\"]",
      "instances": [
        {
          "schema_version": 0,
          "attributes": {
            "cache_key_parameters": [],
            "cache_namespace": "neeqt8",
            "connection_id": "",
            "connection_type": "INTERNET",
            "content_handling": "",
            "credentials": "",
            "http_method": "POST",
            "id": "agi-x5pg3orv4e-neeqt8-POST",
            "integration_http_method": "POST",
            "passthrough_behavior": "WHEN_NO_MATCH",
            "request_parameters": {},
            "request_templates": {},
            "resource_id": "neeqt8",
            "rest_api_id": "x5pg3orv4e",
            "timeout_milliseconds": 29000,
            "tls_config": [],
            "type": "AWS_PROXY",
            "uri": "arn:aws:apigateway:us-east-1:lambda:path/2015-03-31/functions/arn:aws:lambda:us-east-1:765288911542:function:photo-app-create-user/invocations"
          },
          "sensitive_attributes": [],
          "identity_schema_version": 0,
          "private": "bnVsbA==",
          "dependencies": [
            "aws_api_gateway_method.create_user",
            "aws_api_gateway_resource.users",
            "aws_api_gateway_rest_api.main",
            "aws_cloudwatch_log_group.create_user",
            "aws_cognito_user_pool.main",
            "aws_cognito_user_pool_client.main",
            "aws_iam_role.lambda_exec",
            "aws_iam_role_policy_attachment.lambda_basic",
            "aws_lambda_function.create_user"
          ],
          "create_before_destroy": true
        }
      ]
    },
    {
      "mode": "managed",
      "type": "aws_api_gateway_integration",
      "name": "get_user",
      "provider": "provider[\"registry.terraform.io/hashicorp/aws\"]",
      "instances": [
        {
          "schema_version": 0,
          "attributes": {
            "cache_key_parameters": [],
            "cache_namespace": "quwde2",
            "connection_id": "",
            "connection_type": "INTERNET",
            "content_handling": "",
            "credentials": "",
            "http_method": "GET",
            "id": "agi-x5pg3orv4e-quwde2-GET",
            "integration_http_method": "POST",
            "passthrough_behavior": "WHEN_NO_MATCH",
            "request_parameters": {},
            "request_templates": {},
            "resource_id": "quwde2",
            "rest_api_id": "x5pg3orv4e",
            "timeout_milliseconds": 29000,
            "tls_config": [],
            "type": "AWS_PROXY",
            "uri": "arn:aws:apigateway:us-east-1:lambda:path/2015-03-31/functions/arn:aws:lambda:us-east-1:765288911542:function:photo-app-get-user/invocations"
          },
          "sensitive_attributes": [],
          "identity_schema_version": 0,
          "private": "bnVsbA==",
          "dependencies": [
            "aws_api_gateway_method.get_user",
            "aws_api_gateway_resource.users",
            "aws_api_gateway_resource.users_me",
            "aws_api_gateway_rest_api.main",
            "aws_cloudwatch_log_group.get_user",
            "aws_cognito_user_pool.main",
            "aws_cognito_user_pool_client.main",
            "aws_iam_role.lambda_exec",
            "aws_iam_role_policy_attachment.lambda_basic",
            "aws_lambda_function.get_user"
          ],
          "create_before_destroy": true
        }
      ]
    },
    {
      "mode": "managed",
      "type": "aws_api_gateway_integration",
      "name": "get_user_by_username",
      "provider": "provider[\"registry.terraform.io/hashicorp/aws\"]",
      "instances": [
        {
          "schema_version": 0,
          "attributes": {
            "cache_key_parameters": [],
            "cache_namespace": "33mr0w",
            "connection_id": "",
            "connection_type": "INTERNET",
            "content_handling": "",
            "credentials": "",
            "http_method": "GET",
            "id": "agi-x5pg3orv4e-33mr0w-GET",
            "integration_http_method": "POST",
            "passthrough_behavior": "WHEN_NO_MATCH",
            "request_parameters": {},
            "request_templates": {},
            "resource_id": "33mr0w",
            "rest_api_id": "x5pg3orv4e",
            "timeout_milliseconds": 29000,
            "tls_config": [],
            "type": "AWS_PROXY",
            "uri": "arn:aws:apigateway:us-east-1:lambda:path/2015-03-31/functions/arn:aws:lambda:us-east-1:765288911542:function:photo-app-get-user-by-username/invocations"
          },
          "sensitive_attributes": [],
          "identity_schema_version": 0,
          "private": "bnVsbA==",
          "dependencies": [
            "aws_api_gateway_method.get_user_by_username",
            "aws_api_gateway_resource.users",
            "aws_api_gateway_resource.users_username",
            "aws_api_gateway_rest_api.main",
            "aws_cloudwatch_log_group.get_user_by_username",
            "aws_cognito_user_pool.main",
            "aws_cognito_user_pool_client.main",
            "aws_iam_role.lambda_exec",
            "aws_iam_role_policy_attachment.lambda_basic",
            "aws_lambda_function.get_user_by_username"
          ],
          "create_before_destroy": true
        }
      ]
    },
    {
      "mode": "managed",
      "type": "aws_api_gateway_integration",
      "name": "login_user",
      "provider": "provider[\"registry.terraform.io/hashicorp/aws\"]",
      "instances": [
        {
          "schema_version": 0,
          "attributes": {
            "cache_key_parameters": [],
            "cache_namespace": "0yhu6j",
            "connection_id": "",
            "connection_type": "INTERNET",
            "content_handling": "",
            "credentials": "",
            "http_method": "POST",
            "id": "agi-x5pg3orv4e-0yhu6j-POST",
            "integration_http_method": "POST",
            "passthrough_behavior": "WHEN_NO_MATCH",
            "request_parameters": {},
            "request_templates": {},
            "resource_id": "0yhu6j",
            "rest_api_id": "x5pg3orv4e",
            "timeout_milliseconds": 29000,
            "tls_config": [],
            "type": "AWS_PROXY",
            "uri": "arn:aws:apigateway:us-east-1:lambda:path/2015-03-31/functions/arn:aws:lambda:us-east-1:765288911542:function:photo-app-login-user/invocations"
          },
          "sensitive_attributes": [],
          "identity_schema_version": 0,
          "private": "bnVsbA==",
          "dependencies": [
            "aws_api_gateway_method.login_user",
            "aws_api_gateway_resource.login",
            "aws_api_gateway_rest_api.main",
            "aws_cloudwatch_log_group.login_user",
            "aws_cognito_user_pool.main",
            "aws_cognito_user_pool_client.main",
            "aws_iam_role.lambda_exec",
            "aws_iam_role_policy_attachment.lambda_basic",
            "aws_lambda_function.login_user"
          ],
          "create_before_destroy": true
        }
      ]
    },
    {
      "mode": "managed",
      "type": "aws_api_gateway_method",
      "name": "add_user_to_group",
      "provider": "provider[\"registry.terraform.io/hashicorp/aws\"]",
      "instances": [
        {
          "schema_version": 0,
          "attributes": {
            "api_key_required": false,
            "authorization": "NONE",
            "authorization_scopes": [],
            "authorizer_id": "",
            "http_method": "POST",
            "id": "agm-x5pg3orv4e-5foa9m-POST",
            "operation_name": "",
            "request_models": {},
            "request_parameters": {},
            "request_validator_id": "",
            "resource_id": "5foa9m",
            "rest_api_id": "x5pg3orv4e"
          },
          "sensitive_attributes": [],
          "identity_schema_version": 0,
          "private": "bnVsbA==",
          "dependencies": [
            "aws_api_gateway_resource.add_to_group",
            "aws_api_gateway_resource.users",
            "aws_api_gateway_resource.users_username",
            "aws_api_gateway_rest_api.main"
          ],
          "create_before_destroy": true
        }
      ]
    },
    {
      "mode": "managed",
      "type": "aws_api_gateway_method",
      "name": "confirm_user",
      "provider": "provider[\"registry.terraform.io/hashicorp/aws\"]",
      "instances": [
        {
          "schema_version": 0,
          "attributes": {
            "api_key_required": false,
            "authorization": "NONE",
            "authorization_scopes": [],
            "authorizer_id": "",
            "http_method": "POST",
            "id": "agm-x5pg3orv4e-t31ctm-POST",
            "operation_name": "",
            "request_models": {},
            "request_parameters": {},
            "request_validator_id": "",
            "resource_id": "t31ctm",
            "rest_api_id": "x5pg3orv4e"
          },
          "sensitive_attributes": [],
          "identity_schema_version": 0,
          "private": "bnVsbA==",
          "dependencies": [
            "aws_api_gateway_resource.confirm",
            "aws_api_gateway_rest_api.main"
          ],
          "create_before_destroy": true
        }
      ]
    },
    {
      "mode": "managed",
      "type": "aws_api_gateway_method",
      "name": "create_user",
      "provider": "provider[\"registry.terraform.io/hashicorp/aws\"]",
      "instances": [
        {
          "schema_version": 0,
          "attributes": {
            "api_key_required": false,
            "authorization": "NONE",
            "authorization_scopes": [],
            "authorizer_id": "",
            "http_method": "POST",
            "id": "agm-x5pg3orv4e-neeqt8-POST",
            "operation_name": "",
            "request_models": {},
            "request_parameters": {},
            "request_validator_id": "",
            "resource_id": "neeqt8",
            "rest_api_id": "x5pg3orv4e"
          },
          "sensitive_attributes": [],
          "identity_schema_version": 0,
          "private": "bnVsbA==",
          "dependencies": [
            "aws_api_gateway_resource.users",
            "aws_api_gateway_rest_api.main"
          ],
          "create_before_destroy": true
        }
      ]
    },
    {
      "mode": "managed",
      "type": "aws_api_gateway_method",
      "name": "get_user",
      "provider": "provider[\"registry.terraform.io/hashicorp/aws\"]",
      "instances": [
        {
          "schema_version": 0,
          "attributes": {
            "api_key_required": false,
            "authorization": "NONE",
            "authorization_scopes": [],
            "authorizer_id": "",
            "http_method": "GET",
            "id": "agm-x5pg3orv4e-quwde2-GET",
            "operation_name": "",
            "request_models": {},
            "request_parameters": {},
            "request_validator_id": "",
            "resource_id": "quwde2",
            "rest_api_id": "x5pg3orv4e"
          },
          "sensitive_attributes": [],
          "identity_schema_version": 0,
          "private": "bnVsbA==",
          "dependencies": [
            "aws_api_gateway_resource.users",
            "aws_api_gateway_resource.users_me",
            "aws_api_gateway_rest_api.main"
          ],
          "create_before_destroy": true
        }
      ]
    },
    {
      "mode": "managed",
      "type": "aws_api_gateway_method",
      "name": "get_user_by_username",
      "provider": "provider[\"registry.terraform.io/hashicorp/aws\"]",
      "instances": [
        {
          "schema_version": 0,
          "attributes": {
            "api_key_required": false,
            "authorization": "NONE",
            "authorization_scopes": [],
            "authorizer_id": "",
            "http_method": "GET",
            "id": "agm-x5pg3orv4e-33mr0w-GET",
            "operation_name": "",
            "request_models": {},
            "request_parameters": {},
            "request_validator_id": "",
            "resource_id": "33mr0w",
            "rest_api_id": "x5pg3orv4e"
          },
          "sensitive_attributes": [],
          "identity_schema_version": 0,
          "private": "bnVsbA==",
          "dependencies": [
            "aws_api_gateway_resource.users",
            "aws_api_gateway_resource.users_username",
            "aws_api_gateway_rest_api.main"
          ],
          "create_before_destroy": true
        }
      ]
    },
    {
      "mode": "managed",
      "type": "aws_api_gateway_method",
      "name": "login_user",
      "provider": "provider[\"registry.terraform.io/hashicorp/aws\"]",
      "instances": [
        {
          "schema_version": 0,
          "attributes": {
            "api_key_required": false,
            "authorization": "NONE",
            "authorization_scopes": [],
            "authorizer_id": "",
            "http_method": "POST",
            "id": "agm-x5pg3orv4e-0yhu6j-POST",
            "operation_name": "",
            "request_models": {},
            "request_parameters": {},
            "request_validator_id": "",
            "resource_id": "0yhu6j",
            "rest_api_id": "x5pg3orv4e"
          },
          "sensitive_attributes": [],
          "identity_schema_version": 0,
          "private": "bnVsbA==",
          "dependencies": [
            "aws_api_gateway_resource.login",
            "aws_api_gateway_rest_api.main"
          ],
          "create_before_destroy": true
        }
      ]
    },
    {
      "mode": "managed",
      "type": "aws_api_gateway_resource",
      "name": "add_to_group",
      "provider": "provider[\"registry.terraform.io/hashicorp/aws\"]",
      "instances": [
        {
          "schema_version": 0,
          "attributes": {
            "id": "5foa9m",
            "parent_id": "33mr0w",
            "path": "/users/{userName}/add-to-group",
            "path_part": "add-to-group",
            "rest_api_id": "x5pg3orv4e"
          },
          "sensitive_attributes": [],
          "identity_schema_version": 0,
          "private": "bnVsbA==",
          "dependencies": [
            "aws_api_gateway_resource.users",
            "aws_api_gateway_resource.users_username",
            "aws_api_gateway_rest_api.main"
          ],
          "create_before_destroy": true
        }
      ]
    },
    {
      "mode": "managed",
      "type": "aws_api_gateway_resource",
      "name": "confirm",
      "provider": "provider[\"registry.terraform.io/hashicorp/aws\"]",
      "instances": [
        {
          "schema_version": 0,
          "attributes": {
            "id": "t31ctm",
            "parent_id": "n56h5fq7l0",
            "path": "/confirm",
            "path_part": "confirm",
            "rest_api_id": "x5pg3orv4e"
          },
          "sensitive_attributes": [],
          "identity_schema_version": 0,
          "private": "bnVsbA==",
          "dependencies": [
            "aws_api_gateway_rest_api.main"
          ],
          "create_before_destroy": true
        }
      ]
    },
    {
      "mode": "managed",
      "type": "aws_api_gateway_resource",
      "name": "login",
      "provider": "provider[\"registry.terraform.io/hashicorp/aws\"]",
      "instances": [
        {
          "schema_version": 0,
          "attributes": {
            "id": "0yhu6j",
            "parent_id": "n56h5fq7l0",
            "path": "/login",
            "path_part": "login",
            "rest_api_id": "x5pg3orv4e"
          },
          "sensitive_attributes": [],
          "identity_schema_version": 0,
          "private": "bnVsbA==",
          "dependencies": [
            "aws_api_gateway_rest_api.main"
          ],
          "create_before_destroy": true
        }
      ]
    },
    {
      "mode": "managed",
      "type": "aws_api_gateway_resource",
      "name": "users",
      "provider": "provider[\"registry.terraform.io/hashicorp/aws\"]",
      "instances": [
        {
          "schema_version": 0,
          "attributes": {
            "id": "neeqt8",
            "parent_id": "n56h5fq7l0",
            "path": "/users",
            "path_part": "users",
            "rest_api_id": "x5pg3orv4e"
          },
          "sensitive_attributes": [],
          "identity_schema_version": 0,
          "private": "bnVsbA==",
          "dependencies": [
            "aws_api_gateway_rest_api.main"
          ],
          "create_before_destroy": true
        }
      ]
    },
    {
      "mode": "managed",
      "type": "aws_api_gateway_resource",
      "name": "users_me",
      "provider": "provider[\"registry.terraform.io/hashicorp/aws\"]",
      "instances": [
        {
          "schema_version": 0,
          "attributes": {
            "id": "quwde2",
            "parent_id": "neeqt8",
            "path": "/users/me",
            "path_part": "me",
            "rest_api_id": "x5pg3orv4e"
          },
          "sensitive_attributes": [],
          "identity_schema_version": 0,
          "private": "bnVsbA==",
          "dependencies": [
            "aws_api_gateway_resource.users",
            "aws_api_gateway_rest_api.main"
          ],
          "create_before_destroy": true
        }
      ]
    },
    {
      "mode": "managed",
      "type": "aws_api_gateway_resource",
      "name": "users_username",
      "provider": "provider[\"registry.terraform.io/hashicorp/aws\"]",
      "instances": [
        {
          "schema_version": 0,
          "attributes": {
            "id": "33mr0w",
            "parent_id": "neeqt8",
            "path": "/users/{userName}",
            "path_part": "{userName}",
            "rest_api_id": "x5pg3orv4e"
          },
          "sensitive_attributes": [],
          "identity_schema_version": 0,
          "private": "bnVsbA==",
          "dependencies": [
            "aws_api_gateway_resource.users",
            "aws_api_gateway_rest_api.main"
          ],
          "create_before_destroy": true
        }
      ]
    },
    {
      "mode": "managed",
      "type": "aws_api_gateway_rest_api",
      "name": "main",
      "provider": "provider[\"registry.terraform.io/hashicorp/aws\"]",
      "instances": [
        {
          "schema_version": 0,
          "attributes": {
            "api_key_source": "HEADER",
            "arn": "arn:aws:apigateway:us-east-1::/restapis/x5pg3orv4e",
            "binary_media_types": [],
            "body": null,
            "created_date": "2026-01-03T10:17:28Z",
            "description": "Photo App Users API with Cognito",
            "disable_execute_api_endpoint": false,
            "endpoint_configuration": [
              {
                "ip_address_type": "ipv4",
                "types": [
                  "REGIONAL"
                ],
                "vpc_endpoint_ids": []
              }
            ],
            "execution_arn": "arn:aws:execute-api:us-east-1:765288911542:x5pg3orv4e",
            "fail_on_warnings": null,
            "id": "x5pg3orv4e",
            "minimum_compression_size": "",
            "name": "photo-app-api",
            "parameters": null,
            "policy": "",
            "put_rest_api_mode": null,
            "root_resource_id": "n56h5fq7l0",
            "tags": {
              "Environment": "production",
              "Name": "photo-app-api"
            },
            "tags_all": {
              "Environment": "production",
              "Name": "photo-app-api"
            }
          },
          "sensitive_attributes": [],
          "identity_schema_version": 0,
          "private": "bnVsbA==",
          "create_before_destroy": true
        }
      ]
    },
    {
      "mode": "managed",
      "type": "aws_api_gateway_stage",
      "name": "prod",
      "provider": "provider[\"registry.terraform.io/hashicorp/aws\"]",
      "instances": [
        {
          "schema_version": 0,
          "attributes": {
            "access_log_settings": [],
            "arn": "arn:aws:apigateway:us-east-1::/restapis/x5pg3orv4e/stages/Prod",
            "cache_cluster_enabled": false,
            "cache_cluster_size": "",
            "canary_settings": [],
            "client_certificate_id": "",
            "deployment_id": "cew9zd",
            "description": "",
            "documentation_version": "",
            "execution_arn": "arn:aws:execute-api:us-east-1:765288911542:x5pg3orv4e/Prod",
            "id": "ags-x5pg3orv4e-Prod",
            "invoke_url": "https://x5pg3orv4e.execute-api.us-east-1.amazonaws.com/Prod",
            "rest_api_id": "x5pg3orv4e",
            "stage_name": "Prod",
            "tags": {
              "Environment": "production",
              "Name": "photo-app-api-prod"
            },
            "tags_all": {
              "Environment": "production",
              "Name": "photo-app-api-prod"
            },
            "variables": {},
            "web_acl_arn": "",
            "xray_tracing_enabled": false
          },
          "sensitive_attributes": [],
          "identity_schema_version": 0,
          "private": "bnVsbA==",
          "dependencies": [
            "aws_api_gateway_deployment.main",
            "aws_api_gateway_integration.add_user_to_group",
            "aws_api_gateway_integration.confirm_user",
            "aws_api_gateway_integration.create_user",
            "aws_api_gateway_integration.get_user",
            "aws_api_gateway_integration.get_user_by_username",
            "aws_api_gateway_integration.login_user",
            "aws_api_gateway_method.add_user_to_group",
            "aws_api_gateway_method.confirm_user",
            "aws_api_gateway_method.create_user",
            "aws_api_gateway_method.get_user",
            "aws_api_gateway_method.get_user_by_username",
            "aws_api_gateway_method.login_user",
            "aws_api_gateway_resource.add_to_group",
            "aws_api_gateway_resource.confirm",
            "aws_api_gateway_resource.login",
            "aws_api_gateway_resource.users",
            "aws_api_gateway_resource.users_me",
            "aws_api_gateway_resource.users_username",
            "aws_api_gateway_rest_api.main",
            "aws_cloudwatch_log_group.add_user_to_group",
            "aws_cloudwatch_log_group.confirm_user",
            "aws_cloudwatch_log_group.create_user",
            "aws_cloudwatch_log_group.get_user",
            "aws_cloudwatch_log_group.get_user_by_username",
            "aws_cloudwatch_log_group.login_user",
            "aws_cognito_user_pool.main",
            "aws_cognito_user_pool_client.main",
            "aws_iam_role.lambda_exec",
            "aws_iam_role_policy_attachment.lambda_basic",
            "aws_lambda_function.add_user_to_group",
            "aws_lambda_function.confirm_user",
            "aws_lambda_function.create_user",
            "aws_lambda_function.get_user",
            "aws_lambda_function.get_user_by_username",
            "aws_lambda_function.login_user"
          ]
        }
      ]
    },
    {
      "mode": "managed",
      "type": "aws_cloudwatch_log_group",
      "name": "add_user_to_group",
      "provider": "provider[\"registry.terraform.io/hashicorp/aws\"]",
      "instances": [
        {
          "schema_version": 0,
          "attributes": {
            "arn": "arn:aws:logs:us-east-1:765288911542:log-group:/aws/lambda/photo-app-add-user-to-group",
            "id": "/aws/lambda/photo-app-add-user-to-group",
            "kms_key_id": "",
            "log_group_class": "STANDARD",
            "name": "/aws/lambda/photo-app-add-user-to-group",
            "name_prefix": "",
            "retention_in_days": 14,
            "skip_destroy": false,
            "tags": {},
            "tags_all": {}
          },
          "sensitive_attributes": [],
          "identity_schema_version": 0,
          "private": "bnVsbA==",
          "create_before_destroy": true
        }
      ]
    },
    {
      "mode": "managed",
      "type": "aws_cloudwatch_log_group",
      "name": "confirm_user",
      "provider": "provider[\"registry.terraform.io/hashicorp/aws\"]",
      "instances": [
        {
          "schema_version": 0,
          "attributes": {
            "arn": "arn:aws:logs:us-east-1:765288911542:log-group:/aws/lambda/photo-app-confirm-user",
            "id": "/aws/lambda/photo-app-confirm-user",
            "kms_key_id": "",
            "log_group_class": "STANDARD",
            "name": "/aws/lambda/photo-app-confirm-user",
            "name_prefix": "",
            "retention_in_days": 14,
            "skip_destroy": false,
            "tags": {},
            "tags_all": {}
          },
          "sensitive_attributes": [],
          "identity_schema_version": 0,
          "private": "bnVsbA==",
          "create_before_destroy": true
        }
      ]
    },
    {
      "mode": "managed",
      "type": "aws_cloudwatch_log_group",
      "name": "create_user",
      "provider": "provider[\"registry.terraform.io/hashicorp/aws\"]",
      "instances": [
        {
          "schema_version": 0,
          "attributes": {
            "arn": "arn:aws:logs:us-east-1:765288911542:log-group:/aws/lambda/photo-app-create-user",
            "id": "/aws/lambda/photo-app-create-user",
            "kms_key_id": "",
            "log_group_class": "STANDARD",
            "name": "/aws/lambda/photo-app-create-user",
            "name_prefix": "",
            "retention_in_days": 14,
            "skip_destroy": false,
            "tags": {},
            "tags_all": {}
          },
          "sensitive_attributes": [],
          "identity_schema_version": 0,
          "private": "bnVsbA==",
          "create_before_destroy": true
        }
      ]
    },
    {
      "mode": "managed",
      "type": "aws_cloudwatch_log_group",
      "name": "get_user",
      "provider": "provider[\"registry.terraform.io/hashicorp/aws\"]",
      "instances": [
        {
          "schema_version": 0,
          "attributes": {
            "arn": "arn:aws:logs:us-east-1:765288911542:log-group:/aws/lambda/photo-app-get-user",
            "id": "/aws/lambda/photo-app-get-user",
            "kms_key_id": "",
            "log_group_class": "STANDARD",
            "name": "/aws/lambda/photo-app-get-user",
            "name_prefix": "",
            "retention_in_days": 14,
            "skip_destroy": false,
            "tags": {},
            "tags_all": {}
          },
          "sensitive_attributes": [],
          "identity_schema_version": 0,
          "private": "bnVsbA==",
          "create_before_destroy": true
        }
      ]
    },
    {
      "mode": "managed",
      "type": "aws_cloudwatch_log_group",
      "name": "get_user_by_username",
      "provider": "provider[\"registry.terraform.io/hashicorp/aws\"]",
      "instances": [
        {
          "schema_version": 0,
          "attributes": {
            "arn": "arn:aws:logs:us-east-1:765288911542:log-group:/aws/lambda/photo-app-get-user-by-username",
            "id": "/aws/lambda/photo-app-get-user-by-username",
            "kms_key_id": "",
            "log_group_class": "STANDARD",
            "name": "/aws/lambda/photo-app-get-user-by-username",
            "name_prefix": "",
            "retention_in_days": 14,
            "skip_destroy": false,
            "tags": {},
            "tags_all": {}
          },
          "sensitive_attributes": [],
          "identity_schema_version": 0,
          "private": "bnVsbA==",
          "create_before_destroy": true
        }
      ]
    },
    {
      "mode": "managed",
      "type": "aws_cloudwatch_log_group",
      "name": "lambda_authorizer",
      "provider": "provider[\"registry.terraform.io/hashicorp/aws\"]",
      "instances": [
        {
          "schema_version": 0,
          "attributes": {
            "arn": "arn:aws:logs:us-east-1:765288911542:log-group:/aws/lambda/photo-app-lambda-authorizer",
            "id": "/aws/lambda/photo-app-lambda-authorizer",
            "kms_key_id": "",
            "log_group_class": "STANDARD",
            "name": "/aws/lambda/photo-app-lambda-authorizer",
            "name_prefix": "",
            "retention_in_days": 14,
            "skip_destroy": false,
            "tags": {},
            "tags_all": {}
          },
          "sensitive_attributes": [],
          "identity_schema_version": 0,
          "private": "bnVsbA=="
        }
      ]
    },
    {
      "mode": "managed",
      "type": "aws_cloudwatch_log_group",
      "name": "login_user",
      "provider": "provider[\"registry.terraform.io/hashicorp/aws\"]",
      "instances": [
        {
          "schema_version": 0,
          "attributes": {
            "arn": "arn:aws:logs:us-east-1:765288911542:log-group:/aws/lambda/photo-app-login-user",
            "id": "/aws/lambda/photo-app-login-user",
            "kms_key_id": "",
            "log_group_class": "STANDARD",
            "name": "/aws/lambda/photo-app-login-user",
            "name_prefix": "",
            "retention_in_days": 14,
            "skip_destroy": false,
            "tags": {},
            "tags_all": {}
          },
          "sensitive_attributes": [],
          "identity_schema_version": 0,
          "private": "bnVsbA==",
          "create_before_destroy": true
        }
      ]
    },
    {
      "mode": "managed",
      "type": "aws_cognito_user_group",
      "name": "admins",
      "provider": "provider[\"registry.terraform.io/hashicorp/aws\"]",
      "instances": [
        {
          "schema_version": 0,
          "attributes": {
            "description": "Administrator group",
            "id": "us-east-1_ENRQPBBEW/Admins",
            "name": "Admins",
            "precedence": 0,
            "role_arn": "",
            "user_pool_id": "us-east-1_ENRQPBBEW"
          },
          "sensitive_attributes": [],
          "identity_schema_version": 0,
          "private": "bnVsbA==",
          "dependencies": [
            "aws_cognito_user_pool.main"
          ]
        }
      ]
    },
    {
      "mode": "managed",
      "type": "aws_cognito_user_group",
      "name": "users",
      "provider": "provider[\"registry.terraform.io/hashicorp/aws\"]",
      "instances": [
        {
          "schema_version": 0,
          "attributes": {
            "description": "Regular users group",
            "id": "us-east-1_ENRQPBBEW/Users",
            "name": "Users",
            "precedence": 0,
            "role_arn": "",
            "user_pool_id": "us-east-1_ENRQPBBEW"
          },
          "sensitive_attributes": [],
          "identity_schema_version": 0,
          "private": "bnVsbA==",
          "dependencies": [
            "aws_cognito_user_pool.main"
          ]
        }
      ]
    },
    {
      "mode": "managed",
      "type": "aws_cognito_user_pool",
      "name": "main",
      "provider": "provider[\"registry.terraform.io/hashicorp/aws\"]",
      "instances": [
        {
          "schema_version": 0,
          "attributes": {
            "account_recovery_setting": [
              {
                "recovery_mechanism": [
                  {
                    "name": "verified_email",
                    "priority": 1
                  }
                ]
              }
            ],
            "admin_create_user_config": [
              {
                "allow_admin_create_user_only": false,
                "invite_message_template": []
              }
            ],
            "alias_attributes": null,
            "arn": "arn:aws:cognito-idp:us-east-1:765288911542:userpool/us-east-1_ENRQPBBEW",
            "auto_verified_attributes": [
              "email"
            ],
            "creation_date": "2026-01-03T10:17:29Z",
            "custom_domain": "",
            "deletion_protection": "INACTIVE",
            "device_configuration": [],
            "domain": "",
            "email_configuration": [
              {
                "configuration_set": "",
                "email_sending_account": "COGNITO_DEFAULT",
                "from_email_address": "",
                "reply_to_email_address": "",
                "source_arn": ""
              }
            ],
            "email_mfa_configuration": [],
            "email_verification_message": "",
            "email_verification_subject": "",
            "endpoint": "cognito-idp.us-east-1.amazonaws.com/us-east-1_ENRQPBBEW",
            "estimated_number_of_users": 0,
            "id": "us-east-1_ENRQPBBEW",
            "lambda_config": [],
            "last_modified_date": "2026-01-03T10:17:29Z",
            "mfa_configuration": "OFF",
            "name": "photo-app-user-pool",
            "password_policy": [
              {
                "minimum_length": 8,
                "password_history_size": 0,
                "require_lowercase": true,
                "require_numbers": true,
                "require_symbols": true,
                "require_uppercase": true,
                "temporary_password_validity_days": 7
              }
            ],
            "schema": [
              {
                "attribute_data_type": "String",
                "developer_only_attribute": false,
                "mutable": true,
                "name": "userId",
                "number_attribute_constraints": [],
                "required": null,
                "string_attribute_constraints": [
                  {
                    "max_length": "2048",
                    "min_length": "0"
                  }
                ]
              },
              {
                "attribute_data_type": "String",
                "developer_only_attribute": null,
                "mutable": true,
                "name": "email",
                "number_attribute_constraints": [],
                "required": true,
                "string_attribute_constraints": [
                  {
                    "max_length": "2048",
                    "min_length": "0"
                  }
                ]
              },
              {
                "attribute_data_type": "String",
                "developer_only_attribute": null,
                "mutable": true,
                "name": "family_name",
                "number_attribute_constraints": [],
                "required": false,
                "string_attribute_constraints": [
                  {
                    "max_length": "2048",
                    "min_length": "0"
                  }
                ]
              },
              {
                "attribute_data_type": "String",
                "developer_only_attribute": null,
                "mutable": true,
                "name": "given_name",
                "number_attribute_constraints": [],
                "required": false,
                "string_attribute_constraints": [
                  {
                    "max_length": "2048",
                    "min_length": "0"
                  }
                ]
              },
              {
                "attribute_data_type": "String",
                "developer_only_attribute": null,
                "mutable": true,
                "name": "name",
                "number_attribute_constraints": [],
                "required": false,
                "string_attribute_constraints": [
                  {
                    "max_length": "2048",
                    "min_length": "0"
                  }
                ]
              }
            ],
            "sign_in_policy": [
              {
                "allowed_first_auth_factors": [
                  "PASSWORD"
                ]
              }
            ],
            "sms_authentication_message": "",
            "sms_configuration": [],
            "sms_verification_message": "",
            "software_token_mfa_configuration": [],
            "tags": {
              "Environment": "production",
              "Name": "photo-app-user-pool"
            },
            "tags_all": {
              "Environment": "production",
              "Name": "photo-app-user-pool"
            },
            "user_attribute_update_settings": [],
            "user_pool_add_ons": [],
            "user_pool_tier": "ESSENTIALS",
            "username_attributes": [
              "email"
            ],
            "username_configuration": [
              {
                "case_sensitive": false
              }
            ],
            "verification_message_template": [
              {
                "default_email_option": "CONFIRM_WITH_CODE",
                "email_message": "",
                "email_message_by_link": "",
                "email_subject": "",
                "email_subject_by_link": "",
                "sms_message": ""
              }
            ],
            "web_authn_configuration": []
          },
          "sensitive_attributes": [],
          "identity_schema_version": 0,
          "private": "bnVsbA==",
          "create_before_destroy": true
        }
      ]
    },
    {
      "mode": "managed",
      "type": "aws_cognito_user_pool_client",
      "name": "main",
      "provider": "provider[\"registry.terraform.io/hashicorp/aws\"]",
      "instances": [
        {
          "schema_version": 0,
          "attributes": {
            "access_token_validity": 1,
            "allowed_oauth_flows": [],
            "allowed_oauth_flows_user_pool_client": false,
            "allowed_oauth_scopes": [],
            "analytics_configuration": [],
            "auth_session_validity": 3,
            "callback_urls": [],
            "client_secret": "cqcj65sblhvickd2h3jn4g7e3itusvnc40l3e8n21o441irq36m",
            "default_redirect_uri": "",
            "enable_propagate_additional_user_context_data": false,
            "enable_token_revocation": true,
            "explicit_auth_flows": [
              "ALLOW_REFRESH_TOKEN_AUTH",
              "ALLOW_USER_PASSWORD_AUTH",
              "ALLOW_USER_SRP_AUTH"
            ],
            "generate_secret": true,
            "id": "n0jriob771h1a1mkib4vo8pvk",
            "id_token_validity": 1,
            "logout_urls": [],
            "name": "photo-app-client",
            "prevent_user_existence_errors": "ENABLED",
            "read_attributes": [
              "custom:userId",
              "email",
              "email_verified",
              "family_name",
              "given_name",
              "name"
            ],
            "refresh_token_rotation": [],
            "refresh_token_validity": 30,
            "supported_identity_providers": [],
            "token_validity_units": [
              {
                "access_token": "hours",
                "id_token": "hours",
                "refresh_token": "days"
              }
            ],
            "user_pool_id": "us-east-1_ENRQPBBEW",
            "write_attributes": [
              "custom:userId",
              "email",
              "family_name",
              "given_name",
              "name"
            ]
          },
          "sensitive_attributes": [
            [
              {
                "type": "get_attr",
                "value": "client_secret"
              }
            ]
          ],
          "identity_schema_version": 0,
          "dependencies": [
            "aws_cognito_user_pool.main"
          ],
          "create_before_destroy": true
        }
      ]
    },
    {
      "mode": "managed",
      "type": "aws_iam_role",
      "name": "lambda_exec",
      "provider": "provider[\"registry.terraform.io/hashicorp/aws\"]",
      "instances": [
        {
          "schema_version": 0,
          "attributes": {
            "arn": "arn:aws:iam::765288911542:role/photo-app-lambda-execution-role",
            "assume_role_policy": "{\"Statement\":[{\"Action\":\"sts:AssumeRole\",\"Effect\":\"Allow\",\"Principal\":{\"Service\":\"lambda.amazonaws.com\"}}],\"Version\":\"2012-10-17\"}",
            "create_date": "2026-01-03T10:17:29Z",
            "description": "",
            "force_detach_policies": false,
            "id": "photo-app-lambda-execution-role",
            "inline_policy": [
              {
                "name": "lambda-cognito-admin",
                "policy": "{\"Version\":\"2012-10-17\",\"Statement\":[{\"Action\":[\"cognito-idp:AdminAddUserToGroup\",\"cognito-idp:GetUser\",\"cognito-idp:AdminGetUser\"],\"Effect\":\"Allow\",\"Resource\":\"arn:aws:cognito-idp:us-east-1:765288911542:userpool/us-east-1_ENRQPBBEW\"}]}"
              },
              {
                "name": "lambda-kms-decrypt",
                "policy": "{\"Version\":\"2012-10-17\",\"Statement\":[{\"Action\":[\"kms:Decrypt\"],\"Effect\":\"Allow\",\"Resource\":\"arn:aws:kms:us-east-1:765288911542:key/7dfd6f86-f160-489f-9da5-2b9ce79fae3c\"}]}"
              }
            ],
            "managed_policy_arns": [
              "arn:aws:iam::aws:policy/service-role/AWSLambdaBasicExecutionRole"
            ],
            "max_session_duration": 3600,
            "name": "photo-app-lambda-execution-role",
            "name_prefix": "",
            "path": "/",
            "permissions_boundary": "",
            "tags": {
              "Environment": "production",
              "Name": "photo-app-lambda-role"
            },
            "tags_all": {
              "Environment": "production",
              "Name": "photo-app-lambda-role"
            },
            "unique_id": "AROA3ELWGCK3IWXR73D6H"
          },
          "sensitive_attributes": [],
          "identity_schema_version": 0,
          "private": "bnVsbA==",
          "create_before_destroy": true
        }
      ]
    },
    {
      "mode": "managed",
      "type": "aws_iam_role_policy",
      "name": "lambda_cognito",
      "provider": "provider[\"registry.terraform.io/hashicorp/aws\"]",
      "instances": [
        {
          "schema_version": 0,
          "attributes": {
            "id": "photo-app-lambda-execution-role:lambda-cognito-admin",
            "name": "lambda-cognito-admin",
            "name_prefix": "",
            "policy": "{\"Version\":\"2012-10-17\",\"Statement\":[{\"Action\":[\"cognito-idp:AdminAddUserToGroup\",\"cognito-idp:GetUser\",\"cognito-idp:AdminGetUser\"],\"Effect\":\"Allow\",\"Resource\":\"arn:aws:cognito-idp:us-east-1:765288911542:userpool/us-east-1_ENRQPBBEW\"}]}",
            "role": "photo-app-lambda-execution-role"
          },
          "sensitive_attributes": [],
          "identity_schema_version": 0,
          "private": "bnVsbA==",
          "dependencies": [
            "aws_cognito_user_pool.main",
            "aws_iam_role.lambda_exec"
          ]
        }
      ]
    },
    {
      "mode": "managed",
      "type": "aws_iam_role_policy",
      "name": "lambda_kms",
      "provider": "provider[\"registry.terraform.io/hashicorp/aws\"]",
      "instances": [
        {
          "schema_version": 0,
          "attributes": {
            "id": "photo-app-lambda-execution-role:lambda-kms-decrypt",
            "name": "lambda-kms-decrypt",
            "name_prefix": "",
            "policy": "{\"Version\":\"2012-10-17\",\"Statement\":[{\"Action\":[\"kms:Decrypt\"],\"Effect\":\"Allow\",\"Resource\":\"arn:aws:kms:us-east-1:765288911542:key/7dfd6f86-f160-489f-9da5-2b9ce79fae3c\"}]}",
            "role": "photo-app-lambda-execution-role"
          },
          "sensitive_attributes": [],
          "identity_schema_version": 0,
          "private": "bnVsbA==",
          "dependencies": [
            "aws_iam_role.lambda_exec",
            "aws_kms_key.lambda_secrets"
          ]
        }
      ]
    },
    {
      "mode": "managed",
      "type": "aws_iam_role_policy_attachment",
      "name": "lambda_basic",
      "provider": "provider[\"registry.terraform.io/hashicorp/aws\"]",
      "instances": [
        {
          "schema_version": 0,
          "attributes": {
            "id": "photo-app-lambda-execution-role-20260103101731028700000001",
            "policy_arn": "arn:aws:iam::aws:policy/service-role/AWSLambdaBasicExecutionRole",
            "role": "photo-app-lambda-execution-role"
          },
          "sensitive_attributes": [],
          "identity_schema_version": 0,
          "private": "bnVsbA==",
          "dependencies": [
            "aws_iam_role.lambda_exec"
          ],
          "create_before_destroy": true
        }
      ]
    },
    {
      "mode": "managed",
      "type": "aws_kms_alias",
      "name": "lambda_secrets",
      "provider": "provider[\"registry.terraform.io/hashicorp/aws\"]",
      "instances": [
        {
          "schema_version": 0,
          "attributes": {
            "arn": "arn:aws:kms:us-east-1:765288911542:alias/photo-app-lambda-secrets",
            "id": "alias/photo-app-lambda-secrets",
            "name": "alias/photo-app-lambda-secrets",
            "name_prefix": "",
            "target_key_arn": "arn:aws:kms:us-east-1:765288911542:key/7dfd6f86-f160-489f-9da5-2b9ce79fae3c",
            "target_key_id": "7dfd6f86-f160-489f-9da5-2b9ce79fae3c"
          },
          "sensitive_attributes": [],
          "identity_schema_version": 0,
          "private": "bnVsbA==",
          "dependencies": [
            "aws_kms_key.lambda_secrets"
          ]
        }
      ]
    },
    {
      "mode": "managed",
      "type": "aws_kms_key",
      "name": "lambda_secrets",
      "provider": "provider[\"registry.terraform.io/hashicorp/aws\"]",
      "instances": [
        {
          "schema_version": 0,
          "attributes": {
            "arn": "arn:aws:kms:us-east-1:765288911542:key/7dfd6f86-f160-489f-9da5-2b9ce79fae3c",
            "bypass_policy_lockout_safety_check": false,
            "custom_key_store_id": "",
            "customer_master_key_spec": "SYMMETRIC_DEFAULT",
            "deletion_window_in_days": 10,
            "description": "KMS key for Lambda secrets encryption",
            "enable_key_rotation": true,
            "id": "7dfd6f86-f160-489f-9da5-2b9ce79fae3c",
            "is_enabled": true,
            "key_id": "7dfd6f86-f160-489f-9da5-2b9ce79fae3c",
            "key_usage": "ENCRYPT_DECRYPT",
            "multi_region": false,
            "policy": "{\"Id\":\"key-default-1\",\"Statement\":[{\"Action\":\"kms:*\",\"Effect\":\"Allow\",\"Principal\":{\"AWS\":\"arn:aws:iam::765288911542:root\"},\"Resource\":\"*\",\"Sid\":\"Enable IAM User Permissions\"}],\"Version\":\"2012-10-17\"}",
            "rotation_period_in_days": 365,
            "tags": {
              "Environment": "production",
              "Name": "photo-app-lambda-secrets"
            },
            "tags_all": {
              "Environment": "production",
              "Name": "photo-app-lambda-secrets"
            },
            "timeouts": null,
            "xks_key_id": ""
          },
          "sensitive_attributes": [],
          "identity_schema_version": 0,
          "private": "eyJlMmJmYjczMC1lY2FhLTExZTYtOGY4OC0zNDM2M2JjN2M0YzAiOnsiY3JlYXRlIjoxMjAwMDAwMDAwMDB9fQ=="
        }
      ]
    },
    {
      "mode": "managed",
      "type": "aws_lambda_function",
      "name": "add_user_to_group",
      "provider": "provider[\"registry.terraform.io/hashicorp/aws\"]",
      "instances": [
        {
          "schema_version": 0,
          "attributes": {
            "architectures": [
              "x86_64"
            ],
            "arn": "arn:aws:lambda:us-east-1:765288911542:function:photo-app-add-user-to-group",
            "code_sha256": "GMn8pROo9eoUhhBiywx4IDVDjDqfM+WKwvEZoHw2FQY=",
            "code_signing_config_arn": "",
            "dead_letter_config": [],
            "description": "",
            "environment": [
              {
                "variables": {
                  "MY_COGNITO_POOL_APP_CLIENT_ID": "n0jriob771h1a1mkib4vo8pvk",
                  "MY_COGNITO_POOL_APP_CLIENT_SECRET": "cqcj65sblhvickd2h3jn4g7e3itusvnc40l3e8n21o441irq36m",
                  "MY_COGNITO_POOL_ID": "us-east-1_ENRQPBBEW"
                }
              }
            ],
            "ephemeral_storage": [
              {
                "size": 512
              }
            ],
            "file_system_config": [],
            "filename": "./PhotoAppUsersAPICognito/target/PhotoAppUsersAPICognito-1.0.jar",
            "function_name": "photo-app-add-user-to-group",
            "handler": "com.appsdeveloperblog.aws.lambda.AddUserToGroupHandler::handleRequest",
            "id": "photo-app-add-user-to-group",
            "image_config": [],
            "image_uri": "",
            "invoke_arn": "arn:aws:apigateway:us-east-1:lambda:path/2015-03-31/functions/arn:aws:lambda:us-east-1:765288911542:function:photo-app-add-user-to-group/invocations",
            "kms_key_arn": "",
            "last_modified": "2026-01-03T10:45:31.000+0000",
            "layers": [],
            "logging_config": [
              {
                "application_log_level": "",
                "log_format": "Text",
                "log_group": "/aws/lambda/photo-app-add-user-to-group",
                "system_log_level": ""
              }
            ],
            "memory_size": 512,
            "package_type": "Zip",
            "publish": false,
            "qualified_arn": "arn:aws:lambda:us-east-1:765288911542:function:photo-app-add-user-to-group:$LATEST",
            "qualified_invoke_arn": "arn:aws:apigateway:us-east-1:lambda:path/2015-03-31/functions/arn:aws:lambda:us-east-1:765288911542:function:photo-app-add-user-to-group:$LATEST/invocations",
            "replace_security_groups_on_destroy": null,
            "replacement_security_group_ids": null,
            "reserved_concurrent_executions": -1,
            "role": "arn:aws:iam::765288911542:role/photo-app-lambda-execution-role",
            "runtime": "java11",
            "s3_bucket": null,
            "s3_key": null,
            "s3_object_version": null,
            "signing_job_arn": "",
            "signing_profile_version_arn": "",
            "skip_destroy": false,
            "snap_start": [],
            "source_code_hash": "GMn8pROo9eoUhhBiywx4IDVDjDqfM+WKwvEZoHw2FQY=",
            "source_code_size": 16282169,
            "tags": {
              "Environment": "production",
              "Name": "photo-app-add-user-to-group"
            },
            "tags_all": {
              "Environment": "production",
              "Name": "photo-app-add-user-to-group"
            },
            "timeout": 20,
            "timeouts": null,
            "tracing_config": [
              {
                "mode": "PassThrough"
              }
            ],
            "version": "$LATEST",
            "vpc_config": []
          },
          "sensitive_attributes": [
            [
              {
                "type": "get_attr",
                "value": "environment"
              },
              {
                "type": "index",
                "value": {
                  "value": 0,
                  "type": "number"
                }
              },
              {
                "type": "get_attr",
                "value": "variables"
              },
              {
                "type": "index",
                "value": {
                  "value": "MY_COGNITO_POOL_APP_CLIENT_SECRET",
                  "type": "string"
                }
              }
            ]
          ],
          "identity_schema_version": 0,
          "private": "eyJlMmJmYjczMC1lY2FhLTExZTYtOGY4OC0zNDM2M2JjN2M0YzAiOnsiY3JlYXRlIjo2MDAwMDAwMDAwMDAsImRlbGV0ZSI6NjAwMDAwMDAwMDAwLCJ1cGRhdGUiOjYwMDAwMDAwMDAwMH19",
          "dependencies": [
            "aws_cloudwatch_log_group.add_user_to_group",
            "aws_cognito_user_pool.main",
            "aws_cognito_user_pool_client.main",
            "aws_iam_role.lambda_exec",
            "aws_iam_role_policy_attachment.lambda_basic"
          ],
          "create_before_destroy": true
        }
      ]
    },
    {
      "mode": "managed",
      "type": "aws_lambda_function",
      "name": "confirm_user",
      "provider": "provider[\"registry.terraform.io/hashicorp/aws\"]",
      "instances": [
        {
          "schema_version": 0,
          "attributes": {
            "architectures": [
              "x86_64"
            ],
            "arn": "arn:aws:lambda:us-east-1:765288911542:function:photo-app-confirm-user",
            "code_sha256": "GMn8pROo9eoUhhBiywx4IDVDjDqfM+WKwvEZoHw2FQY=",
            "code_signing_config_arn": "",
            "dead_letter_config": [],
            "description": "",
            "environment": [
              {
                "variables": {
                  "MY_COGNITO_POOL_APP_CLIENT_ID": "n0jriob771h1a1mkib4vo8pvk",
                  "MY_COGNITO_POOL_APP_CLIENT_SECRET": "cqcj65sblhvickd2h3jn4g7e3itusvnc40l3e8n21o441irq36m",
                  "MY_COGNITO_POOL_ID": "us-east-1_ENRQPBBEW"
                }
              }
            ],
            "ephemeral_storage": [
              {
                "size": 512
              }
            ],
            "file_system_config": [],
            "filename": "./PhotoAppUsersAPICognito/target/PhotoAppUsersAPICognito-1.0.jar",
            "function_name": "photo-app-confirm-user",
            "handler": "com.appsdeveloperblog.aws.lambda.ConfirmUserHandler::handleRequest",
            "id": "photo-app-confirm-user",
            "image_config": [],
            "image_uri": "",
            "invoke_arn": "arn:aws:apigateway:us-east-1:lambda:path/2015-03-31/functions/arn:aws:lambda:us-east-1:765288911542:function:photo-app-confirm-user/invocations",
            "kms_key_arn": "",
            "last_modified": "2026-01-03T10:46:54.000+0000",
            "layers": [],
            "logging_config": [
              {
                "application_log_level": "",
                "log_format": "Text",
                "log_group": "/aws/lambda/photo-app-confirm-user",
                "system_log_level": ""
              }
            ],
            "memory_size": 512,
            "package_type": "Zip",
            "publish": false,
            "qualified_arn": "arn:aws:lambda:us-east-1:765288911542:function:photo-app-confirm-user:$LATEST",
            "qualified_invoke_arn": "arn:aws:apigateway:us-east-1:lambda:path/2015-03-31/functions/arn:aws:lambda:us-east-1:765288911542:function:photo-app-confirm-user:$LATEST/invocations",
            "replace_security_groups_on_destroy": null,
            "replacement_security_group_ids": null,
            "reserved_concurrent_executions": -1,
            "role": "arn:aws:iam::765288911542:role/photo-app-lambda-execution-role",
            "runtime": "java11",
            "s3_bucket": null,
            "s3_key": null,
            "s3_object_version": null,
            "signing_job_arn": "",
            "signing_profile_version_arn": "",
            "skip_destroy": false,
            "snap_start": [],
            "source_code_hash": "GMn8pROo9eoUhhBiywx4IDVDjDqfM+WKwvEZoHw2FQY=",
            "source_code_size": 16282169,
            "tags": {
              "Environment": "production",
              "Name": "photo-app-confirm-user"
            },
            "tags_all": {
              "Environment": "production",
              "Name": "photo-app-confirm-user"
            },
            "timeout": 20,
            "timeouts": null,
            "tracing_config": [
              {
                "mode": "PassThrough"
              }
            ],
            "version": "$LATEST",
            "vpc_config": []
          },
          "sensitive_attributes": [
            [
              {
                "type": "get_attr",
                "value": "environment"
              },
              {
                "type": "index",
                "value": {
                  "value": 0,
                  "type": "number"
                }
              },
              {
                "type": "get_attr",
                "value": "variables"
              },
              {
                "type": "index",
                "value": {
                  "value": "MY_COGNITO_POOL_APP_CLIENT_SECRET",
                  "type": "string"
                }
              }
            ]
          ],
          "identity_schema_version": 0,
          "private": "eyJlMmJmYjczMC1lY2FhLTExZTYtOGY4OC0zNDM2M2JjN2M0YzAiOnsiY3JlYXRlIjo2MDAwMDAwMDAwMDAsImRlbGV0ZSI6NjAwMDAwMDAwMDAwLCJ1cGRhdGUiOjYwMDAwMDAwMDAwMH19",
          "dependencies": [
            "aws_cloudwatch_log_group.confirm_user",
            "aws_cognito_user_pool.main",
            "aws_cognito_user_pool_client.main",
            "aws_iam_role.lambda_exec",
            "aws_iam_role_policy_attachment.lambda_basic"
          ],
          "create_before_destroy": true
        }
      ]
    },
    {
      "mode": "managed",
      "type": "aws_lambda_function",
      "name": "create_user",
      "provider": "provider[\"registry.terraform.io/hashicorp/aws\"]",
      "instances": [
        {
          "schema_version": 0,
          "attributes": {
            "architectures": [
              "x86_64"
            ],
            "arn": "arn:aws:lambda:us-east-1:765288911542:function:photo-app-create-user",
            "code_sha256": "GMn8pROo9eoUhhBiywx4IDVDjDqfM+WKwvEZoHw2FQY=",
            "code_signing_config_arn": "",
            "dead_letter_config": [],
            "description": "",
            "environment": [
              {
                "variables": {
                  "MY_COGNITO_POOL_APP_CLIENT_ID": "n0jriob771h1a1mkib4vo8pvk",
                  "MY_COGNITO_POOL_APP_CLIENT_SECRET": "cqcj65sblhvickd2h3jn4g7e3itusvnc40l3e8n21o441irq36m",
                  "MY_COGNITO_POOL_ID": "us-east-1_ENRQPBBEW"
                }
              }
            ],
            "ephemeral_storage": [
              {
                "size": 512
              }
            ],
            "file_system_config": [],
            "filename": "./PhotoAppUsersAPICognito/target/PhotoAppUsersAPICognito-1.0.jar",
            "function_name": "photo-app-create-user",
            "handler": "com.appsdeveloperblog.aws.lambda.CreateUserHandler::handleRequest",
            "id": "photo-app-create-user",
            "image_config": [],
            "image_uri": "",
            "invoke_arn": "arn:aws:apigateway:us-east-1:lambda:path/2015-03-31/functions/arn:aws:lambda:us-east-1:765288911542:function:photo-app-create-user/invocations",
            "kms_key_arn": "",
            "last_modified": "2026-01-03T10:47:21.000+0000",
            "layers": [],
            "logging_config": [
              {
                "application_log_level": "",
                "log_format": "Text",
                "log_group": "/aws/lambda/photo-app-create-user",
                "system_log_level": ""
              }
            ],
            "memory_size": 512,
            "package_type": "Zip",
            "publish": false,
            "qualified_arn": "arn:aws:lambda:us-east-1:765288911542:function:photo-app-create-user:$LATEST",
            "qualified_invoke_arn": "arn:aws:apigateway:us-east-1:lambda:path/2015-03-31/functions/arn:aws:lambda:us-east-1:765288911542:function:photo-app-create-user:$LATEST/invocations",
            "replace_security_groups_on_destroy": null,
            "replacement_security_group_ids": null,
            "reserved_concurrent_executions": -1,
            "role": "arn:aws:iam::765288911542:role/photo-app-lambda-execution-role",
            "runtime": "java11",
            "s3_bucket": null,
            "s3_key": null,
            "s3_object_version": null,
            "signing_job_arn": "",
            "signing_profile_version_arn": "",
            "skip_destroy": false,
            "snap_start": [],
            "source_code_hash": "GMn8pROo9eoUhhBiywx4IDVDjDqfM+WKwvEZoHw2FQY=",
            "source_code_size": 16282169,
            "tags": {
              "Environment": "production",
              "Name": "photo-app-create-user"
            },
            "tags_all": {
              "Environment": "production",
              "Name": "photo-app-create-user"
            },
            "timeout": 20,
            "timeouts": null,
            "tracing_config": [
              {
                "mode": "PassThrough"
              }
            ],
            "version": "$LATEST",
            "vpc_config": []
          },
          "sensitive_attributes": [
            [
              {
                "type": "get_attr",
                "value": "environment"
              },
              {
                "type": "index",
                "value": {
                  "value": 0,
                  "type": "number"
                }
              },
              {
                "type": "get_attr",
                "value": "variables"
              },
              {
                "type": "index",
                "value": {
                  "value": "MY_COGNITO_POOL_APP_CLIENT_SECRET",
                  "type": "string"
                }
              }
            ]
          ],
          "identity_schema_version": 0,
          "private": "eyJlMmJmYjczMC1lY2FhLTExZTYtOGY4OC0zNDM2M2JjN2M0YzAiOnsiY3JlYXRlIjo2MDAwMDAwMDAwMDAsImRlbGV0ZSI6NjAwMDAwMDAwMDAwLCJ1cGRhdGUiOjYwMDAwMDAwMDAwMH19",
          "dependencies": [
            "aws_cloudwatch_log_group.create_user",
            "aws_cognito_user_pool.main",
            "aws_cognito_user_pool_client.main",
            "aws_iam_role.lambda_exec",
            "aws_iam_role_policy_attachment.lambda_basic"
          ],
          "create_before_destroy": true
        }
      ]
    },
    {
      "mode": "managed",
      "type": "aws_lambda_function",
      "name": "get_user",
      "provider": "provider[\"registry.terraform.io/hashicorp/aws\"]",
      "instances": [
        {
          "schema_version": 0,
          "attributes": {
            "architectures": [
              "x86_64"
            ],
            "arn": "arn:aws:lambda:us-east-1:765288911542:function:photo-app-get-user",
            "code_sha256": "GMn8pROo9eoUhhBiywx4IDVDjDqfM+WKwvEZoHw2FQY=",
            "code_signing_config_arn": "",
            "dead_letter_config": [],
            "description": "",
            "environment": [
              {
                "variables": {
                  "MY_COGNITO_POOL_APP_CLIENT_ID": "n0jriob771h1a1mkib4vo8pvk",
                  "MY_COGNITO_POOL_APP_CLIENT_SECRET": "cqcj65sblhvickd2h3jn4g7e3itusvnc40l3e8n21o441irq36m",
                  "MY_COGNITO_POOL_ID": "us-east-1_ENRQPBBEW"
                }
              }
            ],
            "ephemeral_storage": [
              {
                "size": 512
              }
            ],
            "file_system_config": [],
            "filename": "./PhotoAppUsersAPICognito/target/PhotoAppUsersAPICognito-1.0.jar",
            "function_name": "photo-app-get-user",
            "handler": "com.appsdeveloperblog.aws.lambda.GetUserHandler::handleRequest",
            "id": "photo-app-get-user",
            "image_config": [],
            "image_uri": "",
            "invoke_arn": "arn:aws:apigateway:us-east-1:lambda:path/2015-03-31/functions/arn:aws:lambda:us-east-1:765288911542:function:photo-app-get-user/invocations",
            "kms_key_arn": "",
            "last_modified": "2026-01-03T10:46:33.000+0000",
            "layers": [],
            "logging_config": [
              {
                "application_log_level": "",
                "log_format": "Text",
                "log_group": "/aws/lambda/photo-app-get-user",
                "system_log_level": ""
              }
            ],
            "memory_size": 512,
            "package_type": "Zip",
            "publish": false,
            "qualified_arn": "arn:aws:lambda:us-east-1:765288911542:function:photo-app-get-user:$LATEST",
            "qualified_invoke_arn": "arn:aws:apigateway:us-east-1:lambda:path/2015-03-31/functions/arn:aws:lambda:us-east-1:765288911542:function:photo-app-get-user:$LATEST/invocations",
            "replace_security_groups_on_destroy": null,
            "replacement_security_group_ids": null,
            "reserved_concurrent_executions": -1,
            "role": "arn:aws:iam::765288911542:role/photo-app-lambda-execution-role",
            "runtime": "java11",
            "s3_bucket": null,
            "s3_key": null,
            "s3_object_version": null,
            "signing_job_arn": "",
            "signing_profile_version_arn": "",
            "skip_destroy": false,
            "snap_start": [],
            "source_code_hash": "GMn8pROo9eoUhhBiywx4IDVDjDqfM+WKwvEZoHw2FQY=",
            "source_code_size": 16282169,
            "tags": {
              "Environment": "production",
              "Name": "photo-app-get-user"
            },
            "tags_all": {
              "Environment": "production",
              "Name": "photo-app-get-user"
            },
            "timeout": 20,
            "timeouts": null,
            "tracing_config": [
              {
                "mode": "PassThrough"
              }
            ],
            "version": "$LATEST",
            "vpc_config": []
          },
          "sensitive_attributes": [
            [
              {
                "type": "get_attr",
                "value": "environment"
              },
              {
                "type": "index",
                "value": {
                  "value": 0,
                  "type": "number"
                }
              },
              {
                "type": "get_attr",
                "value": "variables"
              },
              {
                "type": "index",
                "value": {
                  "value": "MY_COGNITO_POOL_APP_CLIENT_SECRET",
                  "type": "string"
                }
              }
            ]
          ],
          "identity_schema_version": 0,
          "private": "eyJlMmJmYjczMC1lY2FhLTExZTYtOGY4OC0zNDM2M2JjN2M0YzAiOnsiY3JlYXRlIjo2MDAwMDAwMDAwMDAsImRlbGV0ZSI6NjAwMDAwMDAwMDAwLCJ1cGRhdGUiOjYwMDAwMDAwMDAwMH19",
          "dependencies": [
            "aws_cloudwatch_log_group.get_user",
            "aws_cognito_user_pool.main",
            "aws_cognito_user_pool_client.main",
            "aws_iam_role.lambda_exec",
            "aws_iam_role_policy_attachment.lambda_basic"
          ],
          "create_before_destroy": true
        }
      ]
    },
    {
      "mode": "managed",
      "type": "aws_lambda_function",
      "name": "get_user_by_username",
      "provider": "provider[\"registry.terraform.io/hashicorp/aws\"]",
      "instances": [
        {
          "schema_version": 0,
          "attributes": {
            "architectures": [
              "x86_64"
            ],
            "arn": "arn:aws:lambda:us-east-1:765288911542:function:photo-app-get-user-by-username",
            "code_sha256": "GMn8pROo9eoUhhBiywx4IDVDjDqfM+WKwvEZoHw2FQY=",
            "code_signing_config_arn": "",
            "dead_letter_config": [],
            "description": "",
            "environment": [
              {
                "variables": {
                  "MY_COGNITO_POOL_APP_CLIENT_ID": "n0jriob771h1a1mkib4vo8pvk",
                  "MY_COGNITO_POOL_APP_CLIENT_SECRET": "cqcj65sblhvickd2h3jn4g7e3itusvnc40l3e8n21o441irq36m",
                  "MY_COGNITO_POOL_ID": "us-east-1_ENRQPBBEW"
                }
              }
            ],
            "ephemeral_storage": [
              {
                "size": 512
              }
            ],
            "file_system_config": [],
            "filename": "./PhotoAppUsersAPICognito/target/PhotoAppUsersAPICognito-1.0.jar",
            "function_name": "photo-app-get-user-by-username",
            "handler": "com.appsdeveloperblog.aws.lambda.GetUserByUsernameHandler::handleRequest",
            "id": "photo-app-get-user-by-username",
            "image_config": [],
            "image_uri": "",
            "invoke_arn": "arn:aws:apigateway:us-east-1:lambda:path/2015-03-31/functions/arn:aws:lambda:us-east-1:765288911542:function:photo-app-get-user-by-username/invocations",
            "kms_key_arn": "",
            "last_modified": "2026-01-03T10:46:10.000+0000",
            "layers": [],
            "logging_config": [
              {
                "application_log_level": "",
                "log_format": "Text",
                "log_group": "/aws/lambda/photo-app-get-user-by-username",
                "system_log_level": ""
              }
            ],
            "memory_size": 512,
            "package_type": "Zip",
            "publish": false,
            "qualified_arn": "arn:aws:lambda:us-east-1:765288911542:function:photo-app-get-user-by-username:$LATEST",
            "qualified_invoke_arn": "arn:aws:apigateway:us-east-1:lambda:path/2015-03-31/functions/arn:aws:lambda:us-east-1:765288911542:function:photo-app-get-user-by-username:$LATEST/invocations",
            "replace_security_groups_on_destroy": null,
            "replacement_security_group_ids": null,
            "reserved_concurrent_executions": -1,
            "role": "arn:aws:iam::765288911542:role/photo-app-lambda-execution-role",
            "runtime": "java11",
            "s3_bucket": null,
            "s3_key": null,
            "s3_object_version": null,
            "signing_job_arn": "",
            "signing_profile_version_arn": "",
            "skip_destroy": false,
            "snap_start": [],
            "source_code_hash": "GMn8pROo9eoUhhBiywx4IDVDjDqfM+WKwvEZoHw2FQY=",
            "source_code_size": 16282169,
            "tags": {
              "Environment": "production",
              "Name": "photo-app-get-user-by-username"
            },
            "tags_all": {
              "Environment": "production",
              "Name": "photo-app-get-user-by-username"
            },
            "timeout": 20,
            "timeouts": null,
            "tracing_config": [
              {
                "mode": "PassThrough"
              }
            ],
            "version": "$LATEST",
            "vpc_config": []
          },
          "sensitive_attributes": [
            [
              {
                "type": "get_attr",
                "value": "environment"
              },
              {
                "type": "index",
                "value": {
                  "value": 0,
                  "type": "number"
                }
              },
              {
                "type": "get_attr",
                "value": "variables"
              },
              {
                "type": "index",
                "value": {
                  "value": "MY_COGNITO_POOL_APP_CLIENT_SECRET",
                  "type": "string"
                }
              }
            ]
          ],
          "identity_schema_version": 0,
          "private": "eyJlMmJmYjczMC1lY2FhLTExZTYtOGY4OC0zNDM2M2JjN2M0YzAiOnsiY3JlYXRlIjo2MDAwMDAwMDAwMDAsImRlbGV0ZSI6NjAwMDAwMDAwMDAwLCJ1cGRhdGUiOjYwMDAwMDAwMDAwMH19",
          "dependencies": [
            "aws_cloudwatch_log_group.get_user_by_username",
            "aws_cognito_user_pool.main",
            "aws_cognito_user_pool_client.main",
            "aws_iam_role.lambda_exec",
            "aws_iam_role_policy_attachment.lambda_basic"
          ],
          "create_before_destroy": true
        }
      ]
    },
    {
      "mode": "managed",
      "type": "aws_lambda_function",
      "name": "lambda_authorizer",
      "provider": "provider[\"registry.terraform.io/hashicorp/aws\"]",
      "instances": [
        {
          "schema_version": 0,
          "attributes": {
            "architectures": [
              "x86_64"
            ],
            "arn": "arn:aws:lambda:us-east-1:765288911542:function:photo-app-lambda-authorizer",
            "code_sha256": "GMn8pROo9eoUhhBiywx4IDVDjDqfM+WKwvEZoHw2FQY=",
            "code_signing_config_arn": "",
            "dead_letter_config": [],
            "description": "",
            "environment": [
              {
                "variables": {
                  "MY_COGNITO_POOL_APP_CLIENT_ID": "n0jriob771h1a1mkib4vo8pvk",
                  "MY_COGNITO_POOL_APP_CLIENT_SECRET": "cqcj65sblhvickd2h3jn4g7e3itusvnc40l3e8n21o441irq36m",
                  "MY_COGNITO_POOL_ID": "us-east-1_ENRQPBBEW"
                }
              }
            ],
            "ephemeral_storage": [
              {
                "size": 512
              }
            ],
            "file_system_config": [],
            "filename": "./PhotoAppUsersAPICognito/target/PhotoAppUsersAPICognito-1.0.jar",
            "function_name": "photo-app-lambda-authorizer",
            "handler": "com.appsdeveloperblog.aws.lambda.authorizer.LambdaAuthorizer::handleRequest",
            "id": "photo-app-lambda-authorizer",
            "image_config": [],
            "image_uri": "",
            "invoke_arn": "arn:aws:apigateway:us-east-1:lambda:path/2015-03-31/functions/arn:aws:lambda:us-east-1:765288911542:function:photo-app-lambda-authorizer/invocations",
            "kms_key_arn": "",
            "last_modified": "2026-01-03T10:47:43.000+0000",
            "layers": [],
            "logging_config": [
              {
                "application_log_level": "",
                "log_format": "Text",
                "log_group": "/aws/lambda/photo-app-lambda-authorizer",
                "system_log_level": ""
              }
            ],
            "memory_size": 512,
            "package_type": "Zip",
            "publish": false,
            "qualified_arn": "arn:aws:lambda:us-east-1:765288911542:function:photo-app-lambda-authorizer:$LATEST",
            "qualified_invoke_arn": "arn:aws:apigateway:us-east-1:lambda:path/2015-03-31/functions/arn:aws:lambda:us-east-1:765288911542:function:photo-app-lambda-authorizer:$LATEST/invocations",
            "replace_security_groups_on_destroy": null,
            "replacement_security_group_ids": null,
            "reserved_concurrent_executions": -1,
            "role": "arn:aws:iam::765288911542:role/photo-app-lambda-execution-role",
            "runtime": "java11",
            "s3_bucket": null,
            "s3_key": null,
            "s3_object_version": null,
            "signing_job_arn": "",
            "signing_profile_version_arn": "",
            "skip_destroy": false,
            "snap_start": [],
            "source_code_hash": "GMn8pROo9eoUhhBiywx4IDVDjDqfM+WKwvEZoHw2FQY=",
            "source_code_size": 16282169,
            "tags": {
              "Environment": "production",
              "Name": "photo-app-lambda-authorizer"
            },
            "tags_all": {
              "Environment": "production",
              "Name": "photo-app-lambda-authorizer"
            },
            "timeout": 20,
            "timeouts": null,
            "tracing_config": [
              {
                "mode": "PassThrough"
              }
            ],
            "version": "$LATEST",
            "vpc_config": []
          },
          "sensitive_attributes": [
            [
              {
                "type": "get_attr",
                "value": "environment"
              },
              {
                "type": "index",
                "value": {
                  "value": 0,
                  "type": "number"
                }
              },
              {
                "type": "get_attr",
                "value": "variables"
              },
              {
                "type": "index",
                "value": {
                  "value": "MY_COGNITO_POOL_APP_CLIENT_SECRET",
                  "type": "string"
                }
              }
            ]
          ],
          "identity_schema_version": 0,
          "private": "eyJlMmJmYjczMC1lY2FhLTExZTYtOGY4OC0zNDM2M2JjN2M0YzAiOnsiY3JlYXRlIjo2MDAwMDAwMDAwMDAsImRlbGV0ZSI6NjAwMDAwMDAwMDAwLCJ1cGRhdGUiOjYwMDAwMDAwMDAwMH19",
          "dependencies": [
            "aws_cloudwatch_log_group.lambda_authorizer",
            "aws_cognito_user_pool.main",
            "aws_cognito_user_pool_client.main",
            "aws_iam_role.lambda_exec",
            "aws_iam_role_policy_attachment.lambda_basic"
          ]
        }
      ]
    },
    {
      "mode": "managed",
      "type": "aws_lambda_function",
      "name": "login_user",
      "provider": "provider[\"registry.terraform.io/hashicorp/aws\"]",
      "instances": [
        {
          "schema_version": 0,
          "attributes": {
            "architectures": [
              "x86_64"
            ],
            "arn": "arn:aws:lambda:us-east-1:765288911542:function:photo-app-login-user",
            "code_sha256": "GMn8pROo9eoUhhBiywx4IDVDjDqfM+WKwvEZoHw2FQY=",
            "code_signing_config_arn": "",
            "dead_letter_config": [],
            "description": "",
            "environment": [
              {
                "variables": {
                  "MY_COGNITO_POOL_APP_CLIENT_ID": "n0jriob771h1a1mkib4vo8pvk",
                  "MY_COGNITO_POOL_APP_CLIENT_SECRET": "cqcj65sblhvickd2h3jn4g7e3itusvnc40l3e8n21o441irq36m",
                  "MY_COGNITO_POOL_ID": "us-east-1_ENRQPBBEW"
                }
              }
            ],
            "ephemeral_storage": [
              {
                "size": 512
              }
            ],
            "file_system_config": [],
            "filename": "./PhotoAppUsersAPICognito/target/PhotoAppUsersAPICognito-1.0.jar",
            "function_name": "photo-app-login-user",
            "handler": "com.appsdeveloperblog.aws.lambda.LoginUserHandler::handleRequest",
            "id": "photo-app-login-user",
            "image_config": [],
            "image_uri": "",
            "invoke_arn": "arn:aws:apigateway:us-east-1:lambda:path/2015-03-31/functions/arn:aws:lambda:us-east-1:765288911542:function:photo-app-login-user/invocations",
            "kms_key_arn": "",
            "last_modified": "2026-01-03T10:45:51.000+0000",
            "layers": [],
            "logging_config": [
              {
                "application_log_level": "",
                "log_format": "Text",
                "log_group": "/aws/lambda/photo-app-login-user",
                "system_log_level": ""
              }
            ],
            "memory_size": 512,
            "package_type": "Zip",
            "publish": false,
            "qualified_arn": "arn:aws:lambda:us-east-1:765288911542:function:photo-app-login-user:$LATEST",
            "qualified_invoke_arn": "arn:aws:apigateway:us-east-1:lambda:path/2015-03-31/functions/arn:aws:lambda:us-east-1:765288911542:function:photo-app-login-user:$LATEST/invocations",
            "replace_security_groups_on_destroy": null,
            "replacement_security_group_ids": null,
            "reserved_concurrent_executions": -1,
            "role": "arn:aws:iam::765288911542:role/photo-app-lambda-execution-role",
            "runtime": "java11",
            "s3_bucket": null,
            "s3_key": null,
            "s3_object_version": null,
            "signing_job_arn": "",
            "signing_profile_version_arn": "",
            "skip_destroy": false,
            "snap_start": [],
            "source_code_hash": "GMn8pROo9eoUhhBiywx4IDVDjDqfM+WKwvEZoHw2FQY=",
            "source_code_size": 16282169,
            "tags": {
              "Environment": "production",
              "Name": "photo-app-login-user"
            },
            "tags_all": {
              "Environment": "production",
              "Name": "photo-app-login-user"
            },
            "timeout": 20,
            "timeouts": null,
            "tracing_config": [
              {
                "mode": "PassThrough"
              }
            ],
            "version": "$LATEST",
            "vpc_config": []
          },
          "sensitive_attributes": [
            [
              {
                "type": "get_attr",
                "value": "environment"
              },
              {
                "type": "index",
                "value": {
                  "value": 0,
                  "type": "number"
                }
              },
              {
                "type": "get_attr",
                "value": "variables"
              },
              {
                "type": "index",
                "value": {
                  "value": "MY_COGNITO_POOL_APP_CLIENT_SECRET",
                  "type": "string"
                }
              }
            ]
          ],
          "identity_schema_version": 0,
          "private": "eyJlMmJmYjczMC1lY2FhLTExZTYtOGY4OC0zNDM2M2JjN2M0YzAiOnsiY3JlYXRlIjo2MDAwMDAwMDAwMDAsImRlbGV0ZSI6NjAwMDAwMDAwMDAwLCJ1cGRhdGUiOjYwMDAwMDAwMDAwMH19",
          "dependencies": [
            "aws_cloudwatch_log_group.login_user",
            "aws_cognito_user_pool.main",
            "aws_cognito_user_pool_client.main",
            "aws_iam_role.lambda_exec",
            "aws_iam_role_policy_attachment.lambda_basic"
          ],
          "create_before_destroy": true
        }
      ]
    },
    {
      "mode": "managed",
      "type": "aws_lambda_permission",
      "name": "add_user_to_group",
      "provider": "provider[\"registry.terraform.io/hashicorp/aws\"]",
      "instances": [
        {
          "schema_version": 0,
          "attributes": {
            "action": "lambda:InvokeFunction",
            "event_source_token": null,
            "function_name": "photo-app-add-user-to-group",
            "function_url_auth_type": null,
            "id": "AllowAPIGatewayInvoke",
            "principal": "apigateway.amazonaws.com",
            "principal_org_id": null,
            "qualifier": "",
            "source_account": null,
            "source_arn": "arn:aws:execute-api:us-east-1:765288911542:x5pg3orv4e/*/*",
            "statement_id": "AllowAPIGatewayInvoke",
            "statement_id_prefix": ""
          },
          "sensitive_attributes": [],
          "identity_schema_version": 0,
          "private": "bnVsbA==",
          "dependencies": [
            "aws_api_gateway_rest_api.main",
            "aws_cloudwatch_log_group.add_user_to_group",
            "aws_cognito_user_pool.main",
            "aws_cognito_user_pool_client.main",
            "aws_iam_role.lambda_exec",
            "aws_iam_role_policy_attachment.lambda_basic",
            "aws_lambda_function.add_user_to_group"
          ]
        }
      ]
    },
    {
      "mode": "managed",
      "type": "aws_lambda_permission",
      "name": "confirm_user",
      "provider": "provider[\"registry.terraform.io/hashicorp/aws\"]",
      "instances": [
        {
          "schema_version": 0,
          "attributes": {
            "action": "lambda:InvokeFunction",
            "event_source_token": null,
            "function_name": "photo-app-confirm-user",
            "function_url_auth_type": null,
            "id": "AllowAPIGatewayInvoke",
            "principal": "apigateway.amazonaws.com",
            "principal_org_id": null,
            "qualifier": "",
            "source_account": null,
            "source_arn": "arn:aws:execute-api:us-east-1:765288911542:x5pg3orv4e/*/*",
            "statement_id": "AllowAPIGatewayInvoke",
            "statement_id_prefix": ""
          },
          "sensitive_attributes": [],
          "identity_schema_version": 0,
          "private": "bnVsbA==",
          "dependencies": [
            "aws_api_gateway_rest_api.main",
            "aws_cloudwatch_log_group.confirm_user",
            "aws_cognito_user_pool.main",
            "aws_cognito_user_pool_client.main",
            "aws_iam_role.lambda_exec",
            "aws_iam_role_policy_attachment.lambda_basic",
            "aws_lambda_function.confirm_user"
          ]
        }
      ]
    },
    {
      "mode": "managed",
      "type": "aws_lambda_permission",
      "name": "create_user",
      "provider": "provider[\"registry.terraform.io/hashicorp/aws\"]",
      "instances": [
        {
          "schema_version": 0,
          "attributes": {
            "action": "lambda:InvokeFunction",
            "event_source_token": null,
            "function_name": "photo-app-create-user",
            "function_url_auth_type": null,
            "id": "AllowAPIGatewayInvoke",
            "principal": "apigateway.amazonaws.com",
            "principal_org_id": null,
            "qualifier": "",
            "source_account": null,
            "source_arn": "arn:aws:execute-api:us-east-1:765288911542:x5pg3orv4e/*/*",
            "statement_id": "AllowAPIGatewayInvoke",
            "statement_id_prefix": ""
          },
          "sensitive_attributes": [],
          "identity_schema_version": 0,
          "private": "bnVsbA==",
          "dependencies": [
            "aws_api_gateway_rest_api.main",
            "aws_cloudwatch_log_group.create_user",
            "aws_cognito_user_pool.main",
            "aws_cognito_user_pool_client.main",
            "aws_iam_role.lambda_exec",
            "aws_iam_role_policy_attachment.lambda_basic",
            "aws_lambda_function.create_user"
          ]
        }
      ]
    },
    {
      "mode": "managed",
      "type": "aws_lambda_permission",
      "name": "get_user",
      "provider": "provider[\"registry.terraform.io/hashicorp/aws\"]",
      "instances": [
        {
          "schema_version": 0,
          "attributes": {
            "action": "lambda:InvokeFunction",
            "event_source_token": null,
            "function_name": "photo-app-get-user",
            "function_url_auth_type": null,
            "id": "AllowAPIGatewayInvoke",
            "principal": "apigateway.amazonaws.com",
            "principal_org_id": null,
            "qualifier": "",
            "source_account": null,
            "source_arn": "arn:aws:execute-api:us-east-1:765288911542:x5pg3orv4e/*/*",
            "statement_id": "AllowAPIGatewayInvoke",
            "statement_id_prefix": ""
          },
          "sensitive_attributes": [],
          "identity_schema_version": 0,
          "private": "bnVsbA==",
          "dependencies": [
            "aws_api_gateway_rest_api.main",
            "aws_cloudwatch_log_group.get_user",
            "aws_cognito_user_pool.main",
            "aws_cognito_user_pool_client.main",
            "aws_iam_role.lambda_exec",
            "aws_iam_role_policy_attachment.lambda_basic",
            "aws_lambda_function.get_user"
          ]
        }
      ]
    },
    {
      "mode": "managed",
      "type": "aws_lambda_permission",
      "name": "get_user_by_username",
      "provider": "provider[\"registry.terraform.io/hashicorp/aws\"]",
      "instances": [
        {
          "schema_version": 0,
          "attributes": {
            "action": "lambda:InvokeFunction",
            "event_source_token": null,
            "function_name": "photo-app-get-user-by-username",
            "function_url_auth_type": null,
            "id": "AllowAPIGatewayInvoke",
            "principal": "apigateway.amazonaws.com",
            "principal_org_id": null,
            "qualifier": "",
            "source_account": null,
            "source_arn": "arn:aws:execute-api:us-east-1:765288911542:x5pg3orv4e/*/*",
            "statement_id": "AllowAPIGatewayInvoke",
            "statement_id_prefix": ""
          },
          "sensitive_attributes": [],
          "identity_schema_version": 0,
          "private": "bnVsbA==",
          "dependencies": [
            "aws_api_gateway_rest_api.main",
            "aws_cloudwatch_log_group.get_user_by_username",
            "aws_cognito_user_pool.main",
            "aws_cognito_user_pool_client.main",
            "aws_iam_role.lambda_exec",
            "aws_iam_role_policy_attachment.lambda_basic",
            "aws_lambda_function.get_user_by_username"
          ]
        }
      ]
    },
    {
      "mode": "managed",
      "type": "aws_lambda_permission",
      "name": "login_user",
      "provider": "provider[\"registry.terraform.io/hashicorp/aws\"]",
      "instances": [
        {
          "schema_version": 0,
          "attributes": {
            "action": "lambda:InvokeFunction",
            "event_source_token": null,
            "function_name": "photo-app-login-user",
            "function_url_auth_type": null,
            "id": "AllowAPIGatewayInvoke",
            "principal": "apigateway.amazonaws.com",
            "principal_org_id": null,
            "qualifier": "",
            "source_account": null,
            "source_arn": "arn:aws:execute-api:us-east-1:765288911542:x5pg3orv4e/*/*",
            "statement_id": "AllowAPIGatewayInvoke",
            "statement_id_prefix": ""
          },
          "sensitive_attributes": [],
          "identity_schema_version": 0,
          "private": "bnVsbA==",
          "dependencies": [
            "aws_api_gateway_rest_api.main",
            "aws_cloudwatch_log_group.login_user",
            "aws_cognito_user_pool.main",
            "aws_cognito_user_pool_client.main",
            "aws_iam_role.lambda_exec",
            "aws_iam_role_policy_attachment.lambda_basic",
            "aws_lambda_function.login_user"
          ]
        }
      ]
    }
  ],
  "check_results": null
}
